
Microsoft Visual Studio Solution File, Format Version 12.00
# Visual Studio 15
VisualStudioVersion = 15.0.28307.2092
MinimumVisualStudioVersion = 10.0.40219.1
Project("{8BC9CEB8-8B4A-11D0-8D11-00A0C91BC942}") = "p16", "p16\p16.vcxproj", "{24BA14F8-6DB4-4161-8924-9EBEF6E9964C}"
EndProject
Global
	GlobalSection(SolutionConfigurationPlatforms) = preSolution
		Debug|x64 = Debug|x64
		Debug|x86 = Debug|x86
		Release|x64 = Release|x64
		Release|x86 = Release|x86
	EndGlobalSection
	GlobalSection(ProjectConfigurationPlatforms) = postSolution
		{24BA14F8-6DB4-4161-8924-9EBEF6E9964C}.Debug|x64.ActiveCfg = Debug|x64
		{24BA14F8-6DB4-4161-8924-9EBEF6E9964C}.Debug|x64.Build.0 = Debug|x64
		{24BA14F8-6DB4-4161-8924-9EBEF6E9964C}.Debug|x86.ActiveCfg = Debug|Win32
		{24BA14F8-6DB4-4161-8924-9EBEF6E9964C}.Debug|x86.Build.0 = Debug|Win32
		{24BA14F8-6DB4-4161-8924-9EBEF6E9964C}.Release|x64.ActiveCfg = Release|x64
		{24BA14F8-6DB4-4161-8924-9EBEF6E9964C}.Release|x64.Build.0 = Release|x64
		{24BA14F8-6DB4-4161-8924-9EBEF6E9964C}.Release|x86.ActiveCfg = Release|Win32
		{24BA14F8-6DB4-4161-8924-9EBEF6E9964C}.Release|x86.Build.0 = Release|Win32
	EndGlobalSection
	GlobalSection(SolutionProperties) = preSolution
		HideSolutionNode = FALSE
	EndGlobalSection
	GlobalSection(ExtensibilityGlobals) = postSolution
		SolutionGuid = {D9EF8FCE-F0CC-4741-B02F-4759019F31B7}
	EndGlobalSection
EndGlobal
